
Microsoft Visual Studio Solution File, Format Version 12.00
# Visual Studio Version 17
VisualStudioVersion = 17.13.35825.156
MinimumVisualStudioVersion = 10.0.40219.1
Project("{FAE04EC0-301F-11D3-BF4B-00C04F79EFBC}") = "Assignments_C", "Assignments_C.csproj", "{B772DEB1-D0B3-4FDB-9ACE-103401541FD9}"
EndProject
Global
	GlobalSection(SolutionConfigurationPlatforms) = preSolution
		Debug|Any CPU = Debug|Any CPU
		Release|Any CPU = Release|Any CPU
	EndGlobalSection
	GlobalSection(ProjectConfigurationPlatforms) = postSolution
		{B772DEB1-D0B3-4FDB-9ACE-103401541FD9}.Debug|Any CPU.ActiveCfg = Debug|Any CPU
		{B772DEB1-D0B3-4FDB-9ACE-103401541FD9}.Debug|Any CPU.Build.0 = Debug|Any CPU
		{B772DEB1-D0B3-4FDB-9ACE-103401541FD9}.Release|Any CPU.ActiveCfg = Release|Any CPU
		{B772DEB1-D0B3-4FDB-9ACE-103401541FD9}.Release|Any CPU.Build.0 = Release|Any CPU
	EndGlobalSection
	GlobalSection(SolutionProperties) = preSolution
		HideSolutionNode = FALSE
	EndGlobalSection
	GlobalSection(ExtensibilityGlobals) = postSolution
		SolutionGuid = {7579DF5C-E4C2-48BE-8BD7-D1EA784B372B}
	EndGlobalSection
EndGlobal
